// !$*UTF8*$!
{
	archiveVersion = 1;
	classes = {
	};
	objectVersion = 56;
	objects = {

/* Begin PBXBuildFile section */
		E90B3EED2A778D2200418AE0 /* lottie-user-animation.json in Resources */ = {isa = PBXBuildFile; fileRef = E90B3EEC2A778D2200418AE0 /* lottie-user-animation.json */; };
		E90B3EEE2A778D2200418AE0 /* lottie-user-animation.json in Resources */ = {isa = PBXBuildFile; fileRef = E90B3EEC2A778D2200418AE0 /* lottie-user-animation.json */; };
		E90B3EEF2A778D2200418AE0 /* lottie-user-animation.json in Resources */ = {isa = PBXBuildFile; fileRef = E90B3EEC2A778D2200418AE0 /* lottie-user-animation.json */; };
		E90B3EF22A778E7E00418AE0 /* lottie-login-animation.json in Resources */ = {isa = PBXBuildFile; fileRef = E90B3EF12A778E7E00418AE0 /* lottie-login-animation.json */; };
		E90B3EF32A778E7E00418AE0 /* lottie-login-animation.json in Resources */ = {isa = PBXBuildFile; fileRef = E90B3EF12A778E7E00418AE0 /* lottie-login-animation.json */; };
		E90B3EF42A778E7E00418AE0 /* lottie-login-animation.json in Resources */ = {isa = PBXBuildFile; fileRef = E90B3EF12A778E7E00418AE0 /* lottie-login-animation.json */; };
		E90B3EF72A77957700418AE0 /* Alamofire in Frameworks */ = {isa = PBXBuildFile; productRef = E90B3EF62A77957700418AE0 /* Alamofire */; };
		E90B3EFB2A7796ED00418AE0 /* Realm in Frameworks */ = {isa = PBXBuildFile; productRef = E90B3EFA2A7796ED00418AE0 /* Realm */; };
		E90B3EFD2A7796ED00418AE0 /* RealmSwift in Frameworks */ = {isa = PBXBuildFile; productRef = E90B3EFC2A7796ED00418AE0 /* RealmSwift */; };
		E90B3EFF2A77D6AA00418AE0 /* EpisodeApi.swift in Sources */ = {isa = PBXBuildFile; fileRef = E90B3EFE2A77D6AA00418AE0 /* EpisodeApi.swift */; };
		E90B3F002A77D6AA00418AE0 /* EpisodeApi.swift in Sources */ = {isa = PBXBuildFile; fileRef = E90B3EFE2A77D6AA00418AE0 /* EpisodeApi.swift */; };
		E90B3F012A77D6AA00418AE0 /* EpisodeApi.swift in Sources */ = {isa = PBXBuildFile; fileRef = E90B3EFE2A77D6AA00418AE0 /* EpisodeApi.swift */; };
		E90B3F032A77D70D00418AE0 /* Info.swift in Sources */ = {isa = PBXBuildFile; fileRef = E90B3F022A77D70D00418AE0 /* Info.swift */; };
		E90B3F042A77D70D00418AE0 /* Info.swift in Sources */ = {isa = PBXBuildFile; fileRef = E90B3F022A77D70D00418AE0 /* Info.swift */; };
		E90B3F052A77D70D00418AE0 /* Info.swift in Sources */ = {isa = PBXBuildFile; fileRef = E90B3F022A77D70D00418AE0 /* Info.swift */; };
		E90B3F092A77D96700418AE0 /* EpisodeDao.swift in Sources */ = {isa = PBXBuildFile; fileRef = E90B3F082A77D96700418AE0 /* EpisodeDao.swift */; };
		E90B3F0A2A77D96700418AE0 /* EpisodeDao.swift in Sources */ = {isa = PBXBuildFile; fileRef = E90B3F082A77D96700418AE0 /* EpisodeDao.swift */; };
		E90B3F0B2A77D96700418AE0 /* EpisodeDao.swift in Sources */ = {isa = PBXBuildFile; fileRef = E90B3F082A77D96700418AE0 /* EpisodeDao.swift */; };
		E90B3F0E2A77DADC00418AE0 /* LocationApi.swift in Sources */ = {isa = PBXBuildFile; fileRef = E90B3F0D2A77DADC00418AE0 /* LocationApi.swift */; };
		E90B3F0F2A77DADC00418AE0 /* LocationApi.swift in Sources */ = {isa = PBXBuildFile; fileRef = E90B3F0D2A77DADC00418AE0 /* LocationApi.swift */; };
		E90B3F102A77DADC00418AE0 /* LocationApi.swift in Sources */ = {isa = PBXBuildFile; fileRef = E90B3F0D2A77DADC00418AE0 /* LocationApi.swift */; };
		E90B3F132A77DBC500418AE0 /* LocationDao.swift in Sources */ = {isa = PBXBuildFile; fileRef = E90B3F122A77DBC500418AE0 /* LocationDao.swift */; };
		E90B3F142A77DBC500418AE0 /* LocationDao.swift in Sources */ = {isa = PBXBuildFile; fileRef = E90B3F122A77DBC500418AE0 /* LocationDao.swift */; };
		E90B3F152A77DBC500418AE0 /* LocationDao.swift in Sources */ = {isa = PBXBuildFile; fileRef = E90B3F122A77DBC500418AE0 /* LocationDao.swift */; };
		E90B3F1A2A77DD0900418AE0 /* CharacterApi.swift in Sources */ = {isa = PBXBuildFile; fileRef = E90B3F192A77DD0900418AE0 /* CharacterApi.swift */; };
		E90B3F1B2A77DD0900418AE0 /* CharacterApi.swift in Sources */ = {isa = PBXBuildFile; fileRef = E90B3F192A77DD0900418AE0 /* CharacterApi.swift */; };
		E90B3F1C2A77DD0900418AE0 /* CharacterApi.swift in Sources */ = {isa = PBXBuildFile; fileRef = E90B3F192A77DD0900418AE0 /* CharacterApi.swift */; };
		E90B3F1E2A77DD1100418AE0 /* CharacterDao.swift in Sources */ = {isa = PBXBuildFile; fileRef = E90B3F1D2A77DD1100418AE0 /* CharacterDao.swift */; };
		E90B3F1F2A77DD1100418AE0 /* CharacterDao.swift in Sources */ = {isa = PBXBuildFile; fileRef = E90B3F1D2A77DD1100418AE0 /* CharacterDao.swift */; };
		E90B3F202A77DD1100418AE0 /* CharacterDao.swift in Sources */ = {isa = PBXBuildFile; fileRef = E90B3F1D2A77DD1100418AE0 /* CharacterDao.swift */; };
		E90B3F2B2A78EE1100418AE0 /* Localizable.swift in Sources */ = {isa = PBXBuildFile; fileRef = E90B3F2A2A78EE1100418AE0 /* Localizable.swift */; };
		E90B3F2C2A78EE1100418AE0 /* Localizable.swift in Sources */ = {isa = PBXBuildFile; fileRef = E90B3F2A2A78EE1100418AE0 /* Localizable.swift */; };
		E90B3F2D2A78EE1100418AE0 /* Localizable.swift in Sources */ = {isa = PBXBuildFile; fileRef = E90B3F2A2A78EE1100418AE0 /* Localizable.swift */; };
		E90B3F2F2A78EE4C00418AE0 /* ApiError.swift in Sources */ = {isa = PBXBuildFile; fileRef = E90B3F2E2A78EE4C00418AE0 /* ApiError.swift */; };
		E90B3F302A78EE4C00418AE0 /* ApiError.swift in Sources */ = {isa = PBXBuildFile; fileRef = E90B3F2E2A78EE4C00418AE0 /* ApiError.swift */; };
		E90B3F312A78EE4C00418AE0 /* ApiError.swift in Sources */ = {isa = PBXBuildFile; fileRef = E90B3F2E2A78EE4C00418AE0 /* ApiError.swift */; };
		E90B3F342A821E9400418AE0 /* ApiRepository.swift in Sources */ = {isa = PBXBuildFile; fileRef = E90B3F332A821E9400418AE0 /* ApiRepository.swift */; };
		E90B3F352A821E9400418AE0 /* ApiRepository.swift in Sources */ = {isa = PBXBuildFile; fileRef = E90B3F332A821E9400418AE0 /* ApiRepository.swift */; };
		E90B3F362A821E9400418AE0 /* ApiRepository.swift in Sources */ = {isa = PBXBuildFile; fileRef = E90B3F332A821E9400418AE0 /* ApiRepository.swift */; };
		E90B3F3A2A82207B00418AE0 /* EpisodeApiRepositoryImpl.swift in Sources */ = {isa = PBXBuildFile; fileRef = E90B3F392A82207B00418AE0 /* EpisodeApiRepositoryImpl.swift */; };
		E90B3F3B2A82207B00418AE0 /* EpisodeApiRepositoryImpl.swift in Sources */ = {isa = PBXBuildFile; fileRef = E90B3F392A82207B00418AE0 /* EpisodeApiRepositoryImpl.swift */; };
		E90B3F3C2A82207B00418AE0 /* EpisodeApiRepositoryImpl.swift in Sources */ = {isa = PBXBuildFile; fileRef = E90B3F392A82207B00418AE0 /* EpisodeApiRepositoryImpl.swift */; };
		E90B3F3F2A822D6A00418AE0 /* Episode.swift in Sources */ = {isa = PBXBuildFile; fileRef = E90B3F3E2A822D6A00418AE0 /* Episode.swift */; };
		E90B3F452A8230F400418AE0 /* EpisodeViewModel.swift in Sources */ = {isa = PBXBuildFile; fileRef = E90B3F442A8230F400418AE0 /* EpisodeViewModel.swift */; };
		E90B3F482A8231DC00418AE0 /* HomeView.swift in Sources */ = {isa = PBXBuildFile; fileRef = E90B3F472A8231DC00418AE0 /* HomeView.swift */; };
		E90B3F4C2A82327600418AE0 /* EpisodeView.swift in Sources */ = {isa = PBXBuildFile; fileRef = E90B3F4B2A82327600418AE0 /* EpisodeView.swift */; };
		E925A7332A716AE1007A7A42 /* UIApplicationExtensions.swift in Sources */ = {isa = PBXBuildFile; fileRef = E925A7322A716AE1007A7A42 /* UIApplicationExtensions.swift */; };
		E925A7392A725891007A7A42 /* FirebaseAnalytics in Frameworks */ = {isa = PBXBuildFile; productRef = E925A7382A725891007A7A42 /* FirebaseAnalytics */; };
		E925A73B2A725891007A7A42 /* FirebaseAuth in Frameworks */ = {isa = PBXBuildFile; productRef = E925A73A2A725891007A7A42 /* FirebaseAuth */; };
		E925A73E2A725957007A7A42 /* GoogleSignIn in Frameworks */ = {isa = PBXBuildFile; productRef = E925A73D2A725957007A7A42 /* GoogleSignIn */; };
		E925A7402A725957007A7A42 /* GoogleSignInSwift in Frameworks */ = {isa = PBXBuildFile; productRef = E925A73F2A725957007A7A42 /* GoogleSignInSwift */; };
		E925A7422A72599A007A7A42 /* GoogleService-Info.plist in Resources */ = {isa = PBXBuildFile; fileRef = E925A7412A72599A007A7A42 /* GoogleService-Info.plist */; };
		E925A7432A72599A007A7A42 /* GoogleService-Info.plist in Resources */ = {isa = PBXBuildFile; fileRef = E925A7412A72599A007A7A42 /* GoogleService-Info.plist */; };
		E925A7442A72599A007A7A42 /* GoogleService-Info.plist in Resources */ = {isa = PBXBuildFile; fileRef = E925A7412A72599A007A7A42 /* GoogleService-Info.plist */; };
		E925A7472A725A30007A7A42 /* AppDelegate.swift in Sources */ = {isa = PBXBuildFile; fileRef = E925A7462A725A30007A7A42 /* AppDelegate.swift */; };
		E925A7482A725A30007A7A42 /* AppDelegate.swift in Sources */ = {isa = PBXBuildFile; fileRef = E925A7462A725A30007A7A42 /* AppDelegate.swift */; };
		E925A7492A725A30007A7A42 /* AppDelegate.swift in Sources */ = {isa = PBXBuildFile; fileRef = E925A7462A725A30007A7A42 /* AppDelegate.swift */; };
		E925A74B2A725AA7007A7A42 /* GIDConfigurationExtensions.swift in Sources */ = {isa = PBXBuildFile; fileRef = E925A74A2A725AA7007A7A42 /* GIDConfigurationExtensions.swift */; };
		E925A74C2A725AA7007A7A42 /* GIDConfigurationExtensions.swift in Sources */ = {isa = PBXBuildFile; fileRef = E925A74A2A725AA7007A7A42 /* GIDConfigurationExtensions.swift */; };
		E925A74D2A725AA7007A7A42 /* GIDConfigurationExtensions.swift in Sources */ = {isa = PBXBuildFile; fileRef = E925A74A2A725AA7007A7A42 /* GIDConfigurationExtensions.swift */; };
		E925A7512A725AF8007A7A42 /* GetGoogleUserUseCase.swift in Sources */ = {isa = PBXBuildFile; fileRef = E925A7502A725AF8007A7A42 /* GetGoogleUserUseCase.swift */; };
		E925A7522A725AF8007A7A42 /* GetGoogleUserUseCase.swift in Sources */ = {isa = PBXBuildFile; fileRef = E925A7502A725AF8007A7A42 /* GetGoogleUserUseCase.swift */; };
		E925A7532A725AF8007A7A42 /* GetGoogleUserUseCase.swift in Sources */ = {isa = PBXBuildFile; fileRef = E925A7502A725AF8007A7A42 /* GetGoogleUserUseCase.swift */; };
		E925A7572A725B71007A7A42 /* GoogleAuthenticationError.swift in Sources */ = {isa = PBXBuildFile; fileRef = E925A7562A725B71007A7A42 /* GoogleAuthenticationError.swift */; };
		E925A7582A725B71007A7A42 /* GoogleAuthenticationError.swift in Sources */ = {isa = PBXBuildFile; fileRef = E925A7562A725B71007A7A42 /* GoogleAuthenticationError.swift */; };
		E925A7592A725B71007A7A42 /* GoogleAuthenticationError.swift in Sources */ = {isa = PBXBuildFile; fileRef = E925A7562A725B71007A7A42 /* GoogleAuthenticationError.swift */; };
		E925A75C2A725BBA007A7A42 /* SignInWithGoogleUseCase.swift in Sources */ = {isa = PBXBuildFile; fileRef = E925A75B2A725BBA007A7A42 /* SignInWithGoogleUseCase.swift */; };
		E925A75D2A725BBA007A7A42 /* SignInWithGoogleUseCase.swift in Sources */ = {isa = PBXBuildFile; fileRef = E925A75B2A725BBA007A7A42 /* SignInWithGoogleUseCase.swift */; };
		E925A75E2A725BBA007A7A42 /* SignInWithGoogleUseCase.swift in Sources */ = {isa = PBXBuildFile; fileRef = E925A75B2A725BBA007A7A42 /* SignInWithGoogleUseCase.swift */; };
		E925A7642A725D94007A7A42 /* AuthenticationViewModel.swift in Sources */ = {isa = PBXBuildFile; fileRef = E925A7632A725D94007A7A42 /* AuthenticationViewModel.swift */; };
		E925A7652A725D94007A7A42 /* AuthenticationViewModel.swift in Sources */ = {isa = PBXBuildFile; fileRef = E925A7632A725D94007A7A42 /* AuthenticationViewModel.swift */; };
		E925A7662A725D94007A7A42 /* AuthenticationViewModel.swift in Sources */ = {isa = PBXBuildFile; fileRef = E925A7632A725D94007A7A42 /* AuthenticationViewModel.swift */; };
		E925A76B2A725E00007A7A42 /* LoginForm.swift in Sources */ = {isa = PBXBuildFile; fileRef = E925A76A2A725E00007A7A42 /* LoginForm.swift */; };
		E925A76C2A725E00007A7A42 /* LoginForm.swift in Sources */ = {isa = PBXBuildFile; fileRef = E925A76A2A725E00007A7A42 /* LoginForm.swift */; };
		E925A76D2A725E00007A7A42 /* LoginForm.swift in Sources */ = {isa = PBXBuildFile; fileRef = E925A76A2A725E00007A7A42 /* LoginForm.swift */; };
		E925A7752A725F69007A7A42 /* StringConstants.swift in Sources */ = {isa = PBXBuildFile; fileRef = E925A7742A725F69007A7A42 /* StringConstants.swift */; };
		E925A7762A725F69007A7A42 /* StringConstants.swift in Sources */ = {isa = PBXBuildFile; fileRef = E925A7742A725F69007A7A42 /* StringConstants.swift */; };
		E925A7772A725F69007A7A42 /* StringConstants.swift in Sources */ = {isa = PBXBuildFile; fileRef = E925A7742A725F69007A7A42 /* StringConstants.swift */; };
		E925A7822A726126007A7A42 /* LottieSwiftUI in Frameworks */ = {isa = PBXBuildFile; productRef = E925A7812A726126007A7A42 /* LottieSwiftUI */; };
		E925A7862A726178007A7A42 /* LoginView.swift in Sources */ = {isa = PBXBuildFile; fileRef = E925A7852A726178007A7A42 /* LoginView.swift */; };
		E925A7872A726178007A7A42 /* LoginView.swift in Sources */ = {isa = PBXBuildFile; fileRef = E925A7852A726178007A7A42 /* LoginView.swift */; };
		E925A7882A726178007A7A42 /* LoginView.swift in Sources */ = {isa = PBXBuildFile; fileRef = E925A7852A726178007A7A42 /* LoginView.swift */; };
		E925A78B2A726235007A7A42 /* User.swift in Sources */ = {isa = PBXBuildFile; fileRef = E925A78A2A726235007A7A42 /* User.swift */; };
		E925A78C2A726235007A7A42 /* User.swift in Sources */ = {isa = PBXBuildFile; fileRef = E925A78A2A726235007A7A42 /* User.swift */; };
		E925A78D2A726235007A7A42 /* User.swift in Sources */ = {isa = PBXBuildFile; fileRef = E925A78A2A726235007A7A42 /* User.swift */; };
		E925A7902A726269007A7A42 /* UserViewModel.swift in Sources */ = {isa = PBXBuildFile; fileRef = E925A78F2A726269007A7A42 /* UserViewModel.swift */; };
		E925A7912A726269007A7A42 /* UserViewModel.swift in Sources */ = {isa = PBXBuildFile; fileRef = E925A78F2A726269007A7A42 /* UserViewModel.swift */; };
		E925A7922A726269007A7A42 /* UserViewModel.swift in Sources */ = {isa = PBXBuildFile; fileRef = E925A78F2A726269007A7A42 /* UserViewModel.swift */; };
		E925A7962A7262C3007A7A42 /* UserDetailView.swift in Sources */ = {isa = PBXBuildFile; fileRef = E925A7952A7262C3007A7A42 /* UserDetailView.swift */; };
		E925A7972A7262C3007A7A42 /* UserDetailView.swift in Sources */ = {isa = PBXBuildFile; fileRef = E925A7952A7262C3007A7A42 /* UserDetailView.swift */; };
		E925A7982A7262C3007A7A42 /* UserDetailView.swift in Sources */ = {isa = PBXBuildFile; fileRef = E925A7952A7262C3007A7A42 /* UserDetailView.swift */; };
		E925A79C2A726315007A7A42 /* SDWebImageSwiftUI in Frameworks */ = {isa = PBXBuildFile; productRef = E925A79B2A726315007A7A42 /* SDWebImageSwiftUI */; };
		E925A7A22A72634E007A7A42 /* UserView.swift in Sources */ = {isa = PBXBuildFile; fileRef = E925A7A12A72634E007A7A42 /* UserView.swift */; };
		E925A7A32A72634E007A7A42 /* UserView.swift in Sources */ = {isa = PBXBuildFile; fileRef = E925A7A12A72634E007A7A42 /* UserView.swift */; };
		E925A7A42A72634E007A7A42 /* UserView.swift in Sources */ = {isa = PBXBuildFile; fileRef = E925A7A12A72634E007A7A42 /* UserView.swift */; };
		E925A7A62A726385007A7A42 /* ButtonStyles.swift in Sources */ = {isa = PBXBuildFile; fileRef = E925A7A52A726385007A7A42 /* ButtonStyles.swift */; };
		E925A7A72A726385007A7A42 /* ButtonStyles.swift in Sources */ = {isa = PBXBuildFile; fileRef = E925A7A52A726385007A7A42 /* ButtonStyles.swift */; };
		E925A7A82A726385007A7A42 /* ButtonStyles.swift in Sources */ = {isa = PBXBuildFile; fileRef = E925A7A52A726385007A7A42 /* ButtonStyles.swift */; };
		E925A7AB2A7263B6007A7A42 /* Transitions.swift in Sources */ = {isa = PBXBuildFile; fileRef = E925A7AA2A7263B6007A7A42 /* Transitions.swift */; };
		E925A7AC2A7263B6007A7A42 /* Transitions.swift in Sources */ = {isa = PBXBuildFile; fileRef = E925A7AA2A7263B6007A7A42 /* Transitions.swift */; };
		E925A7AD2A7263B6007A7A42 /* Transitions.swift in Sources */ = {isa = PBXBuildFile; fileRef = E925A7AA2A7263B6007A7A42 /* Transitions.swift */; };
		E978F1802A6EC0CF0065172A /* AdvancedMobileProgrammingApp.swift in Sources */ = {isa = PBXBuildFile; fileRef = E978F17F2A6EC0CF0065172A /* AdvancedMobileProgrammingApp.swift */; };
		E978F1822A6EC0CF0065172A /* ContentView.swift in Sources */ = {isa = PBXBuildFile; fileRef = E978F1812A6EC0CF0065172A /* ContentView.swift */; };
		E978F1842A6EC0D10065172A /* Assets.xcassets in Resources */ = {isa = PBXBuildFile; fileRef = E978F1832A6EC0D10065172A /* Assets.xcassets */; };
		E978F1872A6EC0D10065172A /* Preview Assets.xcassets in Resources */ = {isa = PBXBuildFile; fileRef = E978F1862A6EC0D10065172A /* Preview Assets.xcassets */; };
		E978F1912A6EC0D10065172A /* AdvancedMobileProgrammingTests.swift in Sources */ = {isa = PBXBuildFile; fileRef = E978F1902A6EC0D10065172A /* AdvancedMobileProgrammingTests.swift */; };
		E978F19B2A6EC0D20065172A /* AdvancedMobileProgrammingUITests.swift in Sources */ = {isa = PBXBuildFile; fileRef = E978F19A2A6EC0D20065172A /* AdvancedMobileProgrammingUITests.swift */; };
		E978F19D2A6EC0D20065172A /* AdvancedMobileProgrammingUITestsLaunchTests.swift in Sources */ = {isa = PBXBuildFile; fileRef = E978F19C2A6EC0D20065172A /* AdvancedMobileProgrammingUITestsLaunchTests.swift */; };
		E9E2063E2A8282EB00AEDC96 /* PropertyWrappers.swift in Sources */ = {isa = PBXBuildFile; fileRef = E9E2063D2A8282EB00AEDC96 /* PropertyWrappers.swift */; };
		E9E206422A82869C00AEDC96 /* DaoRepository.swift in Sources */ = {isa = PBXBuildFile; fileRef = E9E206412A82869C00AEDC96 /* DaoRepository.swift */; };
		E9E206442A82878A00AEDC96 /* EpisodeDaoRepositoryImpl.swift in Sources */ = {isa = PBXBuildFile; fileRef = E9E206432A82878A00AEDC96 /* EpisodeDaoRepositoryImpl.swift */; };
		E9E206492A837D0A00AEDC96 /* PagingSource.swift in Sources */ = {isa = PBXBuildFile; fileRef = E9E206482A837D0A00AEDC96 /* PagingSource.swift */; };
		E9E2064A2A837D0A00AEDC96 /* PagingSource.swift in Sources */ = {isa = PBXBuildFile; fileRef = E9E206482A837D0A00AEDC96 /* PagingSource.swift */; };
		E9E2064B2A837D0A00AEDC96 /* PagingSource.swift in Sources */ = {isa = PBXBuildFile; fileRef = E9E206482A837D0A00AEDC96 /* PagingSource.swift */; };
		E9E2064F2A83808200AEDC96 /* EpisodePagingSource.swift in Sources */ = {isa = PBXBuildFile; fileRef = E9E2064E2A83808200AEDC96 /* EpisodePagingSource.swift */; };
		E9E206502A83808200AEDC96 /* EpisodePagingSource.swift in Sources */ = {isa = PBXBuildFile; fileRef = E9E2064E2A83808200AEDC96 /* EpisodePagingSource.swift */; };
		E9E206512A83808200AEDC96 /* EpisodePagingSource.swift in Sources */ = {isa = PBXBuildFile; fileRef = E9E2064E2A83808200AEDC96 /* EpisodePagingSource.swift */; };
		E9E206562A88C4A000AEDC96 /* BaseViewModel.swift in Sources */ = {isa = PBXBuildFile; fileRef = E9E206552A88C4A000AEDC96 /* BaseViewModel.swift */; };
		E9E206572A88C4A000AEDC96 /* BaseViewModel.swift in Sources */ = {isa = PBXBuildFile; fileRef = E9E206552A88C4A000AEDC96 /* BaseViewModel.swift */; };
		E9E206582A88C4A000AEDC96 /* BaseViewModel.swift in Sources */ = {isa = PBXBuildFile; fileRef = E9E206552A88C4A000AEDC96 /* BaseViewModel.swift */; };
/* End PBXBuildFile section */

/* Begin PBXContainerItemProxy section */
		E978F18D2A6EC0D10065172A /* PBXContainerItemProxy */ = {
			isa = PBXContainerItemProxy;
			containerPortal = E978F1742A6EC0CE0065172A /* Project object */;
			proxyType = 1;
			remoteGlobalIDString = E978F17B2A6EC0CE0065172A;
			remoteInfo = AdvancedMobileProgramming;
		};
		E978F1972A6EC0D20065172A /* PBXContainerItemProxy */ = {
			isa = PBXContainerItemProxy;
			containerPortal = E978F1742A6EC0CE0065172A /* Project object */;
			proxyType = 1;
			remoteGlobalIDString = E978F17B2A6EC0CE0065172A;
			remoteInfo = AdvancedMobileProgramming;
		};
/* End PBXContainerItemProxy section */

/* Begin PBXFileReference section */
		E90B3EEC2A778D2200418AE0 /* lottie-user-animation.json */ = {isa = PBXFileReference; fileEncoding = 4; lastKnownFileType = text.json; path = "lottie-user-animation.json"; sourceTree = "<group>"; };
		E90B3EF12A778E7E00418AE0 /* lottie-login-animation.json */ = {isa = PBXFileReference; fileEncoding = 4; lastKnownFileType = text.json; path = "lottie-login-animation.json"; sourceTree = "<group>"; };
		E90B3EFE2A77D6AA00418AE0 /* EpisodeApi.swift */ = {isa = PBXFileReference; lastKnownFileType = sourcecode.swift; path = EpisodeApi.swift; sourceTree = "<group>"; };
		E90B3F022A77D70D00418AE0 /* Info.swift */ = {isa = PBXFileReference; lastKnownFileType = sourcecode.swift; path = Info.swift; sourceTree = "<group>"; };
		E90B3F082A77D96700418AE0 /* EpisodeDao.swift */ = {isa = PBXFileReference; lastKnownFileType = sourcecode.swift; path = EpisodeDao.swift; sourceTree = "<group>"; };
		E90B3F0D2A77DADC00418AE0 /* LocationApi.swift */ = {isa = PBXFileReference; lastKnownFileType = sourcecode.swift; path = LocationApi.swift; sourceTree = "<group>"; };
		E90B3F122A77DBC500418AE0 /* LocationDao.swift */ = {isa = PBXFileReference; lastKnownFileType = sourcecode.swift; path = LocationDao.swift; sourceTree = "<group>"; };
		E90B3F192A77DD0900418AE0 /* CharacterApi.swift */ = {isa = PBXFileReference; lastKnownFileType = sourcecode.swift; path = CharacterApi.swift; sourceTree = "<group>"; };
		E90B3F1D2A77DD1100418AE0 /* CharacterDao.swift */ = {isa = PBXFileReference; lastKnownFileType = sourcecode.swift; path = CharacterDao.swift; sourceTree = "<group>"; };
		E90B3F2A2A78EE1100418AE0 /* Localizable.swift */ = {isa = PBXFileReference; lastKnownFileType = sourcecode.swift; path = Localizable.swift; sourceTree = "<group>"; };
		E90B3F2E2A78EE4C00418AE0 /* ApiError.swift */ = {isa = PBXFileReference; lastKnownFileType = sourcecode.swift; path = ApiError.swift; sourceTree = "<group>"; };
		E90B3F332A821E9400418AE0 /* ApiRepository.swift */ = {isa = PBXFileReference; lastKnownFileType = sourcecode.swift; path = ApiRepository.swift; sourceTree = "<group>"; };
		E90B3F392A82207B00418AE0 /* EpisodeApiRepositoryImpl.swift */ = {isa = PBXFileReference; lastKnownFileType = sourcecode.swift; path = EpisodeApiRepositoryImpl.swift; sourceTree = "<group>"; };
		E90B3F3E2A822D6A00418AE0 /* Episode.swift */ = {isa = PBXFileReference; lastKnownFileType = sourcecode.swift; path = Episode.swift; sourceTree = "<group>"; };
		E90B3F442A8230F400418AE0 /* EpisodeViewModel.swift */ = {isa = PBXFileReference; lastKnownFileType = sourcecode.swift; path = EpisodeViewModel.swift; sourceTree = "<group>"; };
		E90B3F472A8231DC00418AE0 /* HomeView.swift */ = {isa = PBXFileReference; lastKnownFileType = sourcecode.swift; path = HomeView.swift; sourceTree = "<group>"; };
		E90B3F4B2A82327600418AE0 /* EpisodeView.swift */ = {isa = PBXFileReference; lastKnownFileType = sourcecode.swift; path = EpisodeView.swift; sourceTree = "<group>"; };
		E925A7322A716AE1007A7A42 /* UIApplicationExtensions.swift */ = {isa = PBXFileReference; lastKnownFileType = sourcecode.swift; path = UIApplicationExtensions.swift; sourceTree = "<group>"; };
		E925A7412A72599A007A7A42 /* GoogleService-Info.plist */ = {isa = PBXFileReference; fileEncoding = 4; lastKnownFileType = text.plist.xml; path = "GoogleService-Info.plist"; sourceTree = "<group>"; };
		E925A7452A7259F5007A7A42 /* Info.plist */ = {isa = PBXFileReference; lastKnownFileType = text.plist; path = Info.plist; sourceTree = "<group>"; };
		E925A7462A725A30007A7A42 /* AppDelegate.swift */ = {isa = PBXFileReference; lastKnownFileType = sourcecode.swift; path = AppDelegate.swift; sourceTree = "<group>"; };
		E925A74A2A725AA7007A7A42 /* GIDConfigurationExtensions.swift */ = {isa = PBXFileReference; lastKnownFileType = sourcecode.swift; path = GIDConfigurationExtensions.swift; sourceTree = "<group>"; };
		E925A7502A725AF8007A7A42 /* GetGoogleUserUseCase.swift */ = {isa = PBXFileReference; lastKnownFileType = sourcecode.swift; path = GetGoogleUserUseCase.swift; sourceTree = "<group>"; };
		E925A7562A725B71007A7A42 /* GoogleAuthenticationError.swift */ = {isa = PBXFileReference; lastKnownFileType = sourcecode.swift; path = GoogleAuthenticationError.swift; sourceTree = "<group>"; };
		E925A75B2A725BBA007A7A42 /* SignInWithGoogleUseCase.swift */ = {isa = PBXFileReference; lastKnownFileType = sourcecode.swift; path = SignInWithGoogleUseCase.swift; sourceTree = "<group>"; };
		E925A7632A725D94007A7A42 /* AuthenticationViewModel.swift */ = {isa = PBXFileReference; lastKnownFileType = sourcecode.swift; path = AuthenticationViewModel.swift; sourceTree = "<group>"; };
		E925A76A2A725E00007A7A42 /* LoginForm.swift */ = {isa = PBXFileReference; lastKnownFileType = sourcecode.swift; path = LoginForm.swift; sourceTree = "<group>"; };
		E925A7742A725F69007A7A42 /* StringConstants.swift */ = {isa = PBXFileReference; lastKnownFileType = sourcecode.swift; path = StringConstants.swift; sourceTree = "<group>"; };
		E925A7852A726178007A7A42 /* LoginView.swift */ = {isa = PBXFileReference; lastKnownFileType = sourcecode.swift; path = LoginView.swift; sourceTree = "<group>"; };
		E925A78A2A726235007A7A42 /* User.swift */ = {isa = PBXFileReference; lastKnownFileType = sourcecode.swift; path = User.swift; sourceTree = "<group>"; };
		E925A78F2A726269007A7A42 /* UserViewModel.swift */ = {isa = PBXFileReference; lastKnownFileType = sourcecode.swift; path = UserViewModel.swift; sourceTree = "<group>"; };
		E925A7952A7262C3007A7A42 /* UserDetailView.swift */ = {isa = PBXFileReference; lastKnownFileType = sourcecode.swift; path = UserDetailView.swift; sourceTree = "<group>"; };
		E925A7A12A72634E007A7A42 /* UserView.swift */ = {isa = PBXFileReference; lastKnownFileType = sourcecode.swift; path = UserView.swift; sourceTree = "<group>"; };
		E925A7A52A726385007A7A42 /* ButtonStyles.swift */ = {isa = PBXFileReference; lastKnownFileType = sourcecode.swift; path = ButtonStyles.swift; sourceTree = "<group>"; };
		E925A7AA2A7263B6007A7A42 /* Transitions.swift */ = {isa = PBXFileReference; lastKnownFileType = sourcecode.swift; path = Transitions.swift; sourceTree = "<group>"; };
		E978F17C2A6EC0CE0065172A /* AdvancedMobileProgramming.app */ = {isa = PBXFileReference; explicitFileType = wrapper.application; includeInIndex = 0; path = AdvancedMobileProgramming.app; sourceTree = BUILT_PRODUCTS_DIR; };
		E978F17F2A6EC0CF0065172A /* AdvancedMobileProgrammingApp.swift */ = {isa = PBXFileReference; lastKnownFileType = sourcecode.swift; path = AdvancedMobileProgrammingApp.swift; sourceTree = "<group>"; };
		E978F1812A6EC0CF0065172A /* ContentView.swift */ = {isa = PBXFileReference; lastKnownFileType = sourcecode.swift; path = ContentView.swift; sourceTree = "<group>"; };
		E978F1832A6EC0D10065172A /* Assets.xcassets */ = {isa = PBXFileReference; lastKnownFileType = folder.assetcatalog; path = Assets.xcassets; sourceTree = "<group>"; };
		E978F1862A6EC0D10065172A /* Preview Assets.xcassets */ = {isa = PBXFileReference; lastKnownFileType = folder.assetcatalog; path = "Preview Assets.xcassets"; sourceTree = "<group>"; };
		E978F18C2A6EC0D10065172A /* AdvancedMobileProgrammingTests.xctest */ = {isa = PBXFileReference; explicitFileType = wrapper.cfbundle; includeInIndex = 0; path = AdvancedMobileProgrammingTests.xctest; sourceTree = BUILT_PRODUCTS_DIR; };
		E978F1902A6EC0D10065172A /* AdvancedMobileProgrammingTests.swift */ = {isa = PBXFileReference; lastKnownFileType = sourcecode.swift; path = AdvancedMobileProgrammingTests.swift; sourceTree = "<group>"; };
		E978F1962A6EC0D20065172A /* AdvancedMobileProgrammingUITests.xctest */ = {isa = PBXFileReference; explicitFileType = wrapper.cfbundle; includeInIndex = 0; path = AdvancedMobileProgrammingUITests.xctest; sourceTree = BUILT_PRODUCTS_DIR; };
		E978F19A2A6EC0D20065172A /* AdvancedMobileProgrammingUITests.swift */ = {isa = PBXFileReference; lastKnownFileType = sourcecode.swift; path = AdvancedMobileProgrammingUITests.swift; sourceTree = "<group>"; };
		E978F19C2A6EC0D20065172A /* AdvancedMobileProgrammingUITestsLaunchTests.swift */ = {isa = PBXFileReference; lastKnownFileType = sourcecode.swift; path = AdvancedMobileProgrammingUITestsLaunchTests.swift; sourceTree = "<group>"; };
		E9E2063D2A8282EB00AEDC96 /* PropertyWrappers.swift */ = {isa = PBXFileReference; lastKnownFileType = sourcecode.swift; path = PropertyWrappers.swift; sourceTree = "<group>"; };
		E9E206412A82869C00AEDC96 /* DaoRepository.swift */ = {isa = PBXFileReference; lastKnownFileType = sourcecode.swift; path = DaoRepository.swift; sourceTree = "<group>"; };
		E9E206432A82878A00AEDC96 /* EpisodeDaoRepositoryImpl.swift */ = {isa = PBXFileReference; lastKnownFileType = sourcecode.swift; path = EpisodeDaoRepositoryImpl.swift; sourceTree = "<group>"; };
		E9E206482A837D0A00AEDC96 /* PagingSource.swift */ = {isa = PBXFileReference; lastKnownFileType = sourcecode.swift; path = PagingSource.swift; sourceTree = "<group>"; };
		E9E2064E2A83808200AEDC96 /* EpisodePagingSource.swift */ = {isa = PBXFileReference; lastKnownFileType = sourcecode.swift; path = EpisodePagingSource.swift; sourceTree = "<group>"; };
		E9E206552A88C4A000AEDC96 /* BaseViewModel.swift */ = {isa = PBXFileReference; lastKnownFileType = sourcecode.swift; path = BaseViewModel.swift; sourceTree = "<group>"; };
/* End PBXFileReference section */

/* Begin PBXFrameworksBuildPhase section */
		E978F1792A6EC0CE0065172A /* Frameworks */ = {
			isa = PBXFrameworksBuildPhase;
			buildActionMask = 2147483647;
			files = (
				E925A79C2A726315007A7A42 /* SDWebImageSwiftUI in Frameworks */,
				E90B3EF72A77957700418AE0 /* Alamofire in Frameworks */,
				E925A7822A726126007A7A42 /* LottieSwiftUI in Frameworks */,
				E90B3EFD2A7796ED00418AE0 /* RealmSwift in Frameworks */,
				E925A7392A725891007A7A42 /* FirebaseAnalytics in Frameworks */,
				E925A73B2A725891007A7A42 /* FirebaseAuth in Frameworks */,
				E925A73E2A725957007A7A42 /* GoogleSignIn in Frameworks */,
				E90B3EFB2A7796ED00418AE0 /* Realm in Frameworks */,
				E925A7402A725957007A7A42 /* GoogleSignInSwift in Frameworks */,
			);
			runOnlyForDeploymentPostprocessing = 0;
		};
		E978F1892A6EC0D10065172A /* Frameworks */ = {
			isa = PBXFrameworksBuildPhase;
			buildActionMask = 2147483647;
			files = (
			);
			runOnlyForDeploymentPostprocessing = 0;
		};
		E978F1932A6EC0D20065172A /* Frameworks */ = {
			isa = PBXFrameworksBuildPhase;
			buildActionMask = 2147483647;
			files = (
			);
			runOnlyForDeploymentPostprocessing = 0;
		};
/* End PBXFrameworksBuildPhase section */

/* Begin PBXGroup section */
		E90B3F062A77D81A00418AE0 /* Model */ = {
			isa = PBXGroup;
			children = (
				E925A78A2A726235007A7A42 /* User.swift */,
				E90B3F3E2A822D6A00418AE0 /* Episode.swift */,
			);
			path = Model;
			sourceTree = "<group>";
		};
		E90B3F072A77D82B00418AE0 /* Episode */ = {
			isa = PBXGroup;
			children = (
				E90B3EFE2A77D6AA00418AE0 /* EpisodeApi.swift */,
				E90B3F082A77D96700418AE0 /* EpisodeDao.swift */,
			);
			path = Episode;
			sourceTree = "<group>";
		};
		E90B3F0C2A77DACC00418AE0 /* Location */ = {
			isa = PBXGroup;
			children = (
				E90B3F0D2A77DADC00418AE0 /* LocationApi.swift */,
				E90B3F122A77DBC500418AE0 /* LocationDao.swift */,
			);
			path = Location;
			sourceTree = "<group>";
		};
		E90B3F182A77DCF100418AE0 /* Character */ = {
			isa = PBXGroup;
			children = (
				E90B3F192A77DD0900418AE0 /* CharacterApi.swift */,
				E90B3F1D2A77DD1100418AE0 /* CharacterDao.swift */,
			);
			path = Character;
			sourceTree = "<group>";
		};
		E90B3F272A78EDEE00418AE0 /* Protocol */ = {
			isa = PBXGroup;
			children = (
				E90B3F292A78EE0200418AE0 /* Localization */,
				E90B3F282A78EDF600418AE0 /* Repository */,
			);
			path = Protocol;
			sourceTree = "<group>";
		};
		E90B3F282A78EDF600418AE0 /* Repository */ = {
			isa = PBXGroup;
			children = (
			);
			path = Repository;
			sourceTree = "<group>";
		};
		E90B3F292A78EE0200418AE0 /* Localization */ = {
			isa = PBXGroup;
			children = (
				E90B3F2A2A78EE1100418AE0 /* Localizable.swift */,
			);
			path = Localization;
			sourceTree = "<group>";
		};
		E90B3F322A821E0D00418AE0 /* Repository */ = {
			isa = PBXGroup;
			children = (
				E90B3F382A82206900418AE0 /* Episode */,
				E90B3F332A821E9400418AE0 /* ApiRepository.swift */,
				E9E206412A82869C00AEDC96 /* DaoRepository.swift */,
			);
			path = Repository;
			sourceTree = "<group>";
		};
		E90B3F382A82206900418AE0 /* Episode */ = {
			isa = PBXGroup;
			children = (
				E90B3F392A82207B00418AE0 /* EpisodeApiRepositoryImpl.swift */,
				E9E206432A82878A00AEDC96 /* EpisodeDaoRepositoryImpl.swift */,
			);
			path = Episode;
			sourceTree = "<group>";
		};
		E90B3F4A2A82326D00418AE0 /* Episode */ = {
			isa = PBXGroup;
			children = (
				E90B3F4B2A82327600418AE0 /* EpisodeView.swift */,
			);
			path = Episode;
			sourceTree = "<group>";
		};
		E925A72B2A7169A8007A7A42 /* Core */ = {
			isa = PBXGroup;
			children = (
				E925A72D2A7169C5007A7A42 /* Utilities */,
				E925A72C2A7169BE007A7A42 /* Animations */,
			);
			path = Core;
			sourceTree = "<group>";
		};
		E925A72C2A7169BE007A7A42 /* Animations */ = {
			isa = PBXGroup;
			children = (
				E90B3EEC2A778D2200418AE0 /* lottie-user-animation.json */,
				E90B3EF12A778E7E00418AE0 /* lottie-login-animation.json */,
			);
			path = Animations;
			sourceTree = "<group>";
		};
		E925A72D2A7169C5007A7A42 /* Utilities */ = {
			isa = PBXGroup;
			children = (
				E925A7322A716AE1007A7A42 /* UIApplicationExtensions.swift */,
				E925A74A2A725AA7007A7A42 /* GIDConfigurationExtensions.swift */,
				E925A7742A725F69007A7A42 /* StringConstants.swift */,
				E9E2063D2A8282EB00AEDC96 /* PropertyWrappers.swift */,
			);
			path = Utilities;
			sourceTree = "<group>";
		};
		E925A7352A725616007A7A42 /* Domain */ = {
			isa = PBXGroup;
			children = (
				E9E206472A837C6C00AEDC96 /* Paging */,
				E90B3F322A821E0D00418AE0 /* Repository */,
				E90B3F272A78EDEE00418AE0 /* Protocol */,
				E925A74F2A725ADC007A7A42 /* Use Case */,
				E925A7362A725621007A7A42 /* Model */,
			);
			path = Domain;
			sourceTree = "<group>";
		};
		E925A7362A725621007A7A42 /* Model */ = {
			isa = PBXGroup;
			children = (
				E925A7552A725B63007A7A42 /* Error */,
				E90B3F182A77DCF100418AE0 /* Character */,
				E90B3F0C2A77DACC00418AE0 /* Location */,
				E90B3F072A77D82B00418AE0 /* Episode */,
				E90B3F022A77D70D00418AE0 /* Info.swift */,
			);
			path = Model;
			sourceTree = "<group>";
		};
		E925A74F2A725ADC007A7A42 /* Use Case */ = {
			isa = PBXGroup;
			children = (
				E925A7502A725AF8007A7A42 /* GetGoogleUserUseCase.swift */,
				E925A75B2A725BBA007A7A42 /* SignInWithGoogleUseCase.swift */,
			);
			path = "Use Case";
			sourceTree = "<group>";
		};
		E925A7552A725B63007A7A42 /* Error */ = {
			isa = PBXGroup;
			children = (
				E925A7562A725B71007A7A42 /* GoogleAuthenticationError.swift */,
				E90B3F2E2A78EE4C00418AE0 /* ApiError.swift */,
			);
			path = Error;
			sourceTree = "<group>";
		};
		E925A7612A725D6F007A7A42 /* Presentation */ = {
			isa = PBXGroup;
			children = (
				E90B3F062A77D81A00418AE0 /* Model */,
				E925A7682A725DDA007A7A42 /* View */,
				E925A7622A725D83007A7A42 /* View Model */,
			);
			path = Presentation;
			sourceTree = "<group>";
		};
		E925A7622A725D83007A7A42 /* View Model */ = {
			isa = PBXGroup;
			children = (
				E925A7632A725D94007A7A42 /* AuthenticationViewModel.swift */,
				E925A78F2A726269007A7A42 /* UserViewModel.swift */,
				E90B3F442A8230F400418AE0 /* EpisodeViewModel.swift */,
				E9E206552A88C4A000AEDC96 /* BaseViewModel.swift */,
			);
			path = "View Model";
			sourceTree = "<group>";
		};
		E925A7682A725DDA007A7A42 /* View */ = {
			isa = PBXGroup;
			children = (
				E90B3F4A2A82326D00418AE0 /* Episode */,
				E925A7942A7262B2007A7A42 /* User */,
				E925A7792A725FF8007A7A42 /* Helper */,
				E925A7692A725DE5007A7A42 /* Login */,
				E90B3F472A8231DC00418AE0 /* HomeView.swift */,
			);
			path = View;
			sourceTree = "<group>";
		};
		E925A7692A725DE5007A7A42 /* Login */ = {
			isa = PBXGroup;
			children = (
				E925A76A2A725E00007A7A42 /* LoginForm.swift */,
				E925A7852A726178007A7A42 /* LoginView.swift */,
			);
			path = Login;
			sourceTree = "<group>";
		};
		E925A7792A725FF8007A7A42 /* Helper */ = {
			isa = PBXGroup;
			children = (
				E925A7A52A726385007A7A42 /* ButtonStyles.swift */,
				E925A7AA2A7263B6007A7A42 /* Transitions.swift */,
			);
			path = Helper;
			sourceTree = "<group>";
		};
		E925A7942A7262B2007A7A42 /* User */ = {
			isa = PBXGroup;
			children = (
				E925A7952A7262C3007A7A42 /* UserDetailView.swift */,
				E925A7A12A72634E007A7A42 /* UserView.swift */,
			);
			path = User;
			sourceTree = "<group>";
		};
		E978F1732A6EC0CE0065172A = {
			isa = PBXGroup;
			children = (
				E925A7412A72599A007A7A42 /* GoogleService-Info.plist */,
				E978F17E2A6EC0CF0065172A /* AdvancedMobileProgramming */,
				E978F18F2A6EC0D10065172A /* AdvancedMobileProgrammingTests */,
				E978F1992A6EC0D20065172A /* AdvancedMobileProgrammingUITests */,
				E978F17D2A6EC0CE0065172A /* Products */,
			);
			sourceTree = "<group>";
		};
		E978F17D2A6EC0CE0065172A /* Products */ = {
			isa = PBXGroup;
			children = (
				E978F17C2A6EC0CE0065172A /* AdvancedMobileProgramming.app */,
				E978F18C2A6EC0D10065172A /* AdvancedMobileProgrammingTests.xctest */,
				E978F1962A6EC0D20065172A /* AdvancedMobileProgrammingUITests.xctest */,
			);
			name = Products;
			sourceTree = "<group>";
		};
		E978F17E2A6EC0CF0065172A /* AdvancedMobileProgramming */ = {
			isa = PBXGroup;
			children = (
				E925A7452A7259F5007A7A42 /* Info.plist */,
				E925A7352A725616007A7A42 /* Domain */,
				E925A72B2A7169A8007A7A42 /* Core */,
				E925A7612A725D6F007A7A42 /* Presentation */,
				E978F17F2A6EC0CF0065172A /* AdvancedMobileProgrammingApp.swift */,
				E978F1812A6EC0CF0065172A /* ContentView.swift */,
				E978F1832A6EC0D10065172A /* Assets.xcassets */,
				E978F1852A6EC0D10065172A /* Preview Content */,
				E925A7462A725A30007A7A42 /* AppDelegate.swift */,
			);
			path = AdvancedMobileProgramming;
			sourceTree = "<group>";
		};
		E978F1852A6EC0D10065172A /* Preview Content */ = {
			isa = PBXGroup;
			children = (
				E978F1862A6EC0D10065172A /* Preview Assets.xcassets */,
			);
			path = "Preview Content";
			sourceTree = "<group>";
		};
		E978F18F2A6EC0D10065172A /* AdvancedMobileProgrammingTests */ = {
			isa = PBXGroup;
			children = (
				E978F1902A6EC0D10065172A /* AdvancedMobileProgrammingTests.swift */,
			);
			path = AdvancedMobileProgrammingTests;
			sourceTree = "<group>";
		};
		E978F1992A6EC0D20065172A /* AdvancedMobileProgrammingUITests */ = {
			isa = PBXGroup;
			children = (
				E978F19A2A6EC0D20065172A /* AdvancedMobileProgrammingUITests.swift */,
				E978F19C2A6EC0D20065172A /* AdvancedMobileProgrammingUITestsLaunchTests.swift */,
			);
			path = AdvancedMobileProgrammingUITests;
			sourceTree = "<group>";
		};
		E9E206472A837C6C00AEDC96 /* Paging */ = {
			isa = PBXGroup;
			children = (
				E9E2064D2A83807400AEDC96 /* Episode */,
				E9E206482A837D0A00AEDC96 /* PagingSource.swift */,
			);
			path = Paging;
			sourceTree = "<group>";
		};
		E9E2064D2A83807400AEDC96 /* Episode */ = {
			isa = PBXGroup;
			children = (
				E9E2064E2A83808200AEDC96 /* EpisodePagingSource.swift */,
			);
			path = Episode;
			sourceTree = "<group>";
		};
/* End PBXGroup section */

/* Begin PBXNativeTarget section */
		E978F17B2A6EC0CE0065172A /* AdvancedMobileProgramming */ = {
			isa = PBXNativeTarget;
			buildConfigurationList = E978F1A02A6EC0D20065172A /* Build configuration list for PBXNativeTarget "AdvancedMobileProgramming" */;
			buildPhases = (
				E978F1782A6EC0CE0065172A /* Sources */,
				E978F1792A6EC0CE0065172A /* Frameworks */,
				E978F17A2A6EC0CE0065172A /* Resources */,
			);
			buildRules = (
			);
			dependencies = (
				E978F1B02A6EC5A90065172A /* PBXTargetDependency */,
			);
			name = AdvancedMobileProgramming;
			packageProductDependencies = (
				E925A7382A725891007A7A42 /* FirebaseAnalytics */,
				E925A73A2A725891007A7A42 /* FirebaseAuth */,
				E925A73D2A725957007A7A42 /* GoogleSignIn */,
				E925A73F2A725957007A7A42 /* GoogleSignInSwift */,
				E925A7812A726126007A7A42 /* LottieSwiftUI */,
				E925A79B2A726315007A7A42 /* SDWebImageSwiftUI */,
				E90B3EF62A77957700418AE0 /* Alamofire */,
				E90B3EFA2A7796ED00418AE0 /* Realm */,
				E90B3EFC2A7796ED00418AE0 /* RealmSwift */,
			);
			productName = AdvancedMobileProgramming;
			productReference = E978F17C2A6EC0CE0065172A /* AdvancedMobileProgramming.app */;
			productType = "com.apple.product-type.application";
		};
		E978F18B2A6EC0D10065172A /* AdvancedMobileProgrammingTests */ = {
			isa = PBXNativeTarget;
			buildConfigurationList = E978F1A32A6EC0D20065172A /* Build configuration list for PBXNativeTarget "AdvancedMobileProgrammingTests" */;
			buildPhases = (
				E978F1882A6EC0D10065172A /* Sources */,
				E978F1892A6EC0D10065172A /* Frameworks */,
				E978F18A2A6EC0D10065172A /* Resources */,
			);
			buildRules = (
			);
			dependencies = (
				E978F18E2A6EC0D10065172A /* PBXTargetDependency */,
			);
			name = AdvancedMobileProgrammingTests;
			productName = AdvancedMobileProgrammingTests;
			productReference = E978F18C2A6EC0D10065172A /* AdvancedMobileProgrammingTests.xctest */;
			productType = "com.apple.product-type.bundle.unit-test";
		};
		E978F1952A6EC0D20065172A /* AdvancedMobileProgrammingUITests */ = {
			isa = PBXNativeTarget;
			buildConfigurationList = E978F1A62A6EC0D20065172A /* Build configuration list for PBXNativeTarget "AdvancedMobileProgrammingUITests" */;
			buildPhases = (
				E978F1922A6EC0D20065172A /* Sources */,
				E978F1932A6EC0D20065172A /* Frameworks */,
				E978F1942A6EC0D20065172A /* Resources */,
			);
			buildRules = (
			);
			dependencies = (
				E978F1982A6EC0D20065172A /* PBXTargetDependency */,
			);
			name = AdvancedMobileProgrammingUITests;
			productName = AdvancedMobileProgrammingUITests;
			productReference = E978F1962A6EC0D20065172A /* AdvancedMobileProgrammingUITests.xctest */;
			productType = "com.apple.product-type.bundle.ui-testing";
		};
/* End PBXNativeTarget section */

/* Begin PBXProject section */
		E978F1742A6EC0CE0065172A /* Project object */ = {
			isa = PBXProject;
			attributes = {
				BuildIndependentTargetsInParallel = 1;
				LastSwiftUpdateCheck = 1430;
				LastUpgradeCheck = 1430;
				TargetAttributes = {
					E978F17B2A6EC0CE0065172A = {
						CreatedOnToolsVersion = 14.3.1;
					};
					E978F18B2A6EC0D10065172A = {
						CreatedOnToolsVersion = 14.3.1;
						TestTargetID = E978F17B2A6EC0CE0065172A;
					};
					E978F1952A6EC0D20065172A = {
						CreatedOnToolsVersion = 14.3.1;
						TestTargetID = E978F17B2A6EC0CE0065172A;
					};
				};
			};
			buildConfigurationList = E978F1772A6EC0CE0065172A /* Build configuration list for PBXProject "AdvancedMobileProgramming" */;
			compatibilityVersion = "Xcode 14.0";
			developmentRegion = en;
			hasScannedForEncodings = 0;
			knownRegions = (
				en,
				Base,
			);
			mainGroup = E978F1732A6EC0CE0065172A;
			packageReferences = (
				E978F1AE2A6EC5570065172A /* XCRemoteSwiftPackageReference "SwiftLintPlugin" */,
				E925A7372A725891007A7A42 /* XCRemoteSwiftPackageReference "firebase-ios-sdk" */,
				E925A73C2A725957007A7A42 /* XCRemoteSwiftPackageReference "GoogleSignIn-iOS" */,
				E925A7802A726126007A7A42 /* XCRemoteSwiftPackageReference "Lottie-SwiftUI" */,
				E925A79A2A726315007A7A42 /* XCRemoteSwiftPackageReference "SDWebImageSwiftUI" */,
				E90B3EF52A77957700418AE0 /* XCRemoteSwiftPackageReference "Alamofire" */,
				E90B3EF92A7796ED00418AE0 /* XCRemoteSwiftPackageReference "realm-swift" */,
			);
			productRefGroup = E978F17D2A6EC0CE0065172A /* Products */;
			projectDirPath = "";
			projectRoot = "";
			targets = (
				E978F17B2A6EC0CE0065172A /* AdvancedMobileProgramming */,
				E978F18B2A6EC0D10065172A /* AdvancedMobileProgrammingTests */,
				E978F1952A6EC0D20065172A /* AdvancedMobileProgrammingUITests */,
			);
		};
/* End PBXProject section */

/* Begin PBXResourcesBuildPhase section */
		E978F17A2A6EC0CE0065172A /* Resources */ = {
			isa = PBXResourcesBuildPhase;
			buildActionMask = 2147483647;
			files = (
				E925A7422A72599A007A7A42 /* GoogleService-Info.plist in Resources */,
				E978F1872A6EC0D10065172A /* Preview Assets.xcassets in Resources */,
				E978F1842A6EC0D10065172A /* Assets.xcassets in Resources */,
				E90B3EF22A778E7E00418AE0 /* lottie-login-animation.json in Resources */,
				E90B3EED2A778D2200418AE0 /* lottie-user-animation.json in Resources */,
			);
			runOnlyForDeploymentPostprocessing = 0;
		};
		E978F18A2A6EC0D10065172A /* Resources */ = {
			isa = PBXResourcesBuildPhase;
			buildActionMask = 2147483647;
			files = (
				E90B3EF32A778E7E00418AE0 /* lottie-login-animation.json in Resources */,
				E90B3EEE2A778D2200418AE0 /* lottie-user-animation.json in Resources */,
				E925A7432A72599A007A7A42 /* GoogleService-Info.plist in Resources */,
			);
			runOnlyForDeploymentPostprocessing = 0;
		};
		E978F1942A6EC0D20065172A /* Resources */ = {
			isa = PBXResourcesBuildPhase;
			buildActionMask = 2147483647;
			files = (
				E90B3EF42A778E7E00418AE0 /* lottie-login-animation.json in Resources */,
				E90B3EEF2A778D2200418AE0 /* lottie-user-animation.json in Resources */,
				E925A7442A72599A007A7A42 /* GoogleService-Info.plist in Resources */,
			);
			runOnlyForDeploymentPostprocessing = 0;
		};
/* End PBXResourcesBuildPhase section */

/* Begin PBXSourcesBuildPhase section */
		E978F1782A6EC0CE0065172A /* Sources */ = {
			isa = PBXSourcesBuildPhase;
			buildActionMask = 2147483647;
			files = (
				E925A78B2A726235007A7A42 /* User.swift in Sources */,
				E925A7512A725AF8007A7A42 /* GetGoogleUserUseCase.swift in Sources */,
				E925A7752A725F69007A7A42 /* StringConstants.swift in Sources */,
				E9E206492A837D0A00AEDC96 /* PagingSource.swift in Sources */,
				E925A7A22A72634E007A7A42 /* UserView.swift in Sources */,
				E90B3F1A2A77DD0900418AE0 /* CharacterApi.swift in Sources */,
				E90B3F452A8230F400418AE0 /* EpisodeViewModel.swift in Sources */,
				E925A7472A725A30007A7A42 /* AppDelegate.swift in Sources */,
				E90B3EFF2A77D6AA00418AE0 /* EpisodeApi.swift in Sources */,
				E90B3F132A77DBC500418AE0 /* LocationDao.swift in Sources */,
				E9E206422A82869C00AEDC96 /* DaoRepository.swift in Sources */,
				E9E206442A82878A00AEDC96 /* EpisodeDaoRepositoryImpl.swift in Sources */,
				E90B3F4C2A82327600418AE0 /* EpisodeView.swift in Sources */,
				E925A75C2A725BBA007A7A42 /* SignInWithGoogleUseCase.swift in Sources */,
				E925A7902A726269007A7A42 /* UserViewModel.swift in Sources */,
				E925A7572A725B71007A7A42 /* GoogleAuthenticationError.swift in Sources */,
				E90B3F0E2A77DADC00418AE0 /* LocationApi.swift in Sources */,
				E90B3F342A821E9400418AE0 /* ApiRepository.swift in Sources */,
				E90B3F3F2A822D6A00418AE0 /* Episode.swift in Sources */,
				E925A7332A716AE1007A7A42 /* UIApplicationExtensions.swift in Sources */,
				E9E206562A88C4A000AEDC96 /* BaseViewModel.swift in Sources */,
				E925A7A62A726385007A7A42 /* ButtonStyles.swift in Sources */,
				E925A7862A726178007A7A42 /* LoginView.swift in Sources */,
				E925A76B2A725E00007A7A42 /* LoginForm.swift in Sources */,
				E9E2064F2A83808200AEDC96 /* EpisodePagingSource.swift in Sources */,
				E90B3F032A77D70D00418AE0 /* Info.swift in Sources */,
				E925A7AB2A7263B6007A7A42 /* Transitions.swift in Sources */,
				E978F1822A6EC0CF0065172A /* ContentView.swift in Sources */,
				E925A7642A725D94007A7A42 /* AuthenticationViewModel.swift in Sources */,
				E925A74B2A725AA7007A7A42 /* GIDConfigurationExtensions.swift in Sources */,
				E90B3F1E2A77DD1100418AE0 /* CharacterDao.swift in Sources */,
				E925A7962A7262C3007A7A42 /* UserDetailView.swift in Sources */,
				E9E2063E2A8282EB00AEDC96 /* PropertyWrappers.swift in Sources */,
				E90B3F482A8231DC00418AE0 /* HomeView.swift in Sources */,
				E90B3F2F2A78EE4C00418AE0 /* ApiError.swift in Sources */,
				E90B3F092A77D96700418AE0 /* EpisodeDao.swift in Sources */,
				E90B3F2B2A78EE1100418AE0 /* Localizable.swift in Sources */,
				E90B3F3A2A82207B00418AE0 /* EpisodeApiRepositoryImpl.swift in Sources */,
				E978F1802A6EC0CF0065172A /* AdvancedMobileProgrammingApp.swift in Sources */,
			);
			runOnlyForDeploymentPostprocessing = 0;
		};
		E978F1882A6EC0D10065172A /* Sources */ = {
			isa = PBXSourcesBuildPhase;
			buildActionMask = 2147483647;
			files = (
				E90B3F0A2A77D96700418AE0 /* EpisodeDao.swift in Sources */,
				E925A74C2A725AA7007A7A42 /* GIDConfigurationExtensions.swift in Sources */,
				E90B3F1B2A77DD0900418AE0 /* CharacterApi.swift in Sources */,
				E925A7912A726269007A7A42 /* UserViewModel.swift in Sources */,
				E925A7482A725A30007A7A42 /* AppDelegate.swift in Sources */,
				E90B3F142A77DBC500418AE0 /* LocationDao.swift in Sources */,
				E90B3F042A77D70D00418AE0 /* Info.swift in Sources */,
				E9E206502A83808200AEDC96 /* EpisodePagingSource.swift in Sources */,
				E925A7762A725F69007A7A42 /* StringConstants.swift in Sources */,
				E9E2064A2A837D0A00AEDC96 /* PagingSource.swift in Sources */,
				E925A7972A7262C3007A7A42 /* UserDetailView.swift in Sources */,
				E9E206572A88C4A000AEDC96 /* BaseViewModel.swift in Sources */,
				E925A7652A725D94007A7A42 /* AuthenticationViewModel.swift in Sources */,
				E925A7522A725AF8007A7A42 /* GetGoogleUserUseCase.swift in Sources */,
				E925A7582A725B71007A7A42 /* GoogleAuthenticationError.swift in Sources */,
				E90B3F1F2A77DD1100418AE0 /* CharacterDao.swift in Sources */,
				E925A75D2A725BBA007A7A42 /* SignInWithGoogleUseCase.swift in Sources */,
				E90B3F002A77D6AA00418AE0 /* EpisodeApi.swift in Sources */,
				E978F1912A6EC0D10065172A /* AdvancedMobileProgrammingTests.swift in Sources */,
				E925A7AC2A7263B6007A7A42 /* Transitions.swift in Sources */,
				E925A7872A726178007A7A42 /* LoginView.swift in Sources */,
				E90B3F0F2A77DADC00418AE0 /* LocationApi.swift in Sources */,
				E925A76C2A725E00007A7A42 /* LoginForm.swift in Sources */,
				E90B3F352A821E9400418AE0 /* ApiRepository.swift in Sources */,
				E925A78C2A726235007A7A42 /* User.swift in Sources */,
				E925A7A72A726385007A7A42 /* ButtonStyles.swift in Sources */,
				E90B3F3B2A82207B00418AE0 /* EpisodeApiRepositoryImpl.swift in Sources */,
				E90B3F2C2A78EE1100418AE0 /* Localizable.swift in Sources */,
				E90B3F302A78EE4C00418AE0 /* ApiError.swift in Sources */,
				E925A7A32A72634E007A7A42 /* UserView.swift in Sources */,
			);
			runOnlyForDeploymentPostprocessing = 0;
		};
		E978F1922A6EC0D20065172A /* Sources */ = {
			isa = PBXSourcesBuildPhase;
			buildActionMask = 2147483647;
			files = (
				E925A75E2A725BBA007A7A42 /* SignInWithGoogleUseCase.swift in Sources */,
				E925A7492A725A30007A7A42 /* AppDelegate.swift in Sources */,
				E978F19D2A6EC0D20065172A /* AdvancedMobileProgrammingUITestsLaunchTests.swift in Sources */,
				E90B3F102A77DADC00418AE0 /* LocationApi.swift in Sources */,
				E90B3F1C2A77DD0900418AE0 /* CharacterApi.swift in Sources */,
				E925A74D2A725AA7007A7A42 /* GIDConfigurationExtensions.swift in Sources */,
				E925A7982A7262C3007A7A42 /* UserDetailView.swift in Sources */,
				E90B3F2D2A78EE1100418AE0 /* Localizable.swift in Sources */,
				E925A7662A725D94007A7A42 /* AuthenticationViewModel.swift in Sources */,
				E925A7592A725B71007A7A42 /* GoogleAuthenticationError.swift in Sources */,
				E925A7A42A72634E007A7A42 /* UserView.swift in Sources */,
				E90B3F312A78EE4C00418AE0 /* ApiError.swift in Sources */,
				E90B3F3C2A82207B00418AE0 /* EpisodeApiRepositoryImpl.swift in Sources */,
				E9E206582A88C4A000AEDC96 /* BaseViewModel.swift in Sources */,
				E90B3F0B2A77D96700418AE0 /* EpisodeDao.swift in Sources */,
				E90B3F052A77D70D00418AE0 /* Info.swift in Sources */,
				E978F19B2A6EC0D20065172A /* AdvancedMobileProgrammingUITests.swift in Sources */,
				E925A76D2A725E00007A7A42 /* LoginForm.swift in Sources */,
				E90B3F202A77DD1100418AE0 /* CharacterDao.swift in Sources */,
				E9E206512A83808200AEDC96 /* EpisodePagingSource.swift in Sources */,
				E9E2064B2A837D0A00AEDC96 /* PagingSource.swift in Sources */,
				E90B3F362A821E9400418AE0 /* ApiRepository.swift in Sources */,
				E90B3F012A77D6AA00418AE0 /* EpisodeApi.swift in Sources */,
				E925A7AD2A7263B6007A7A42 /* Transitions.swift in Sources */,
				E925A78D2A726235007A7A42 /* User.swift in Sources */,
				E925A7922A726269007A7A42 /* UserViewModel.swift in Sources */,
				E925A7882A726178007A7A42 /* LoginView.swift in Sources */,
				E925A7A82A726385007A7A42 /* ButtonStyles.swift in Sources */,
				E925A7772A725F69007A7A42 /* StringConstants.swift in Sources */,
				E925A7532A725AF8007A7A42 /* GetGoogleUserUseCase.swift in Sources */,
				E90B3F152A77DBC500418AE0 /* LocationDao.swift in Sources */,
			);
			runOnlyForDeploymentPostprocessing = 0;
		};
/* End PBXSourcesBuildPhase section */

/* Begin PBXTargetDependency section */
		E978F18E2A6EC0D10065172A /* PBXTargetDependency */ = {
			isa = PBXTargetDependency;
			target = E978F17B2A6EC0CE0065172A /* AdvancedMobileProgramming */;
			targetProxy = E978F18D2A6EC0D10065172A /* PBXContainerItemProxy */;
		};
		E978F1982A6EC0D20065172A /* PBXTargetDependency */ = {
			isa = PBXTargetDependency;
			target = E978F17B2A6EC0CE0065172A /* AdvancedMobileProgramming */;
			targetProxy = E978F1972A6EC0D20065172A /* PBXContainerItemProxy */;
		};
		E978F1B02A6EC5A90065172A /* PBXTargetDependency */ = {
			isa = PBXTargetDependency;
			productRef = E978F1AF2A6EC5A90065172A /* SwiftLint */;
		};
/* End PBXTargetDependency section */

/* Begin XCBuildConfiguration section */
		E978F19E2A6EC0D20065172A /* Debug */ = {
			isa = XCBuildConfiguration;
			buildSettings = {
				ALWAYS_SEARCH_USER_PATHS = NO;
				CLANG_ANALYZER_NONNULL = YES;
				CLANG_ANALYZER_NUMBER_OBJECT_CONVERSION = YES_AGGRESSIVE;
				CLANG_CXX_LANGUAGE_STANDARD = "gnu++20";
				CLANG_ENABLE_MODULES = YES;
				CLANG_ENABLE_OBJC_ARC = YES;
				CLANG_ENABLE_OBJC_WEAK = YES;
				CLANG_WARN_BLOCK_CAPTURE_AUTORELEASING = YES;
				CLANG_WARN_BOOL_CONVERSION = YES;
				CLANG_WARN_COMMA = YES;
				CLANG_WARN_CONSTANT_CONVERSION = YES;
				CLANG_WARN_DEPRECATED_OBJC_IMPLEMENTATIONS = YES;
				CLANG_WARN_DIRECT_OBJC_ISA_USAGE = YES_ERROR;
				CLANG_WARN_DOCUMENTATION_COMMENTS = YES;
				CLANG_WARN_EMPTY_BODY = YES;
				CLANG_WARN_ENUM_CONVERSION = YES;
				CLANG_WARN_INFINITE_RECURSION = YES;
				CLANG_WARN_INT_CONVERSION = YES;
				CLANG_WARN_NON_LITERAL_NULL_CONVERSION = YES;
				CLANG_WARN_OBJC_IMPLICIT_RETAIN_SELF = YES;
				CLANG_WARN_OBJC_LITERAL_CONVERSION = YES;
				CLANG_WARN_OBJC_ROOT_CLASS = YES_ERROR;
				CLANG_WARN_QUOTED_INCLUDE_IN_FRAMEWORK_HEADER = YES;
				CLANG_WARN_RANGE_LOOP_ANALYSIS = YES;
				CLANG_WARN_STRICT_PROTOTYPES = YES;
				CLANG_WARN_SUSPICIOUS_MOVE = YES;
				CLANG_WARN_UNGUARDED_AVAILABILITY = YES_AGGRESSIVE;
				CLANG_WARN_UNREACHABLE_CODE = YES;
				CLANG_WARN__DUPLICATE_METHOD_MATCH = YES;
				COPY_PHASE_STRIP = NO;
				DEBUG_INFORMATION_FORMAT = dwarf;
				ENABLE_STRICT_OBJC_MSGSEND = YES;
				ENABLE_TESTABILITY = YES;
				GCC_C_LANGUAGE_STANDARD = gnu11;
				GCC_DYNAMIC_NO_PIC = NO;
				GCC_NO_COMMON_BLOCKS = YES;
				GCC_OPTIMIZATION_LEVEL = 0;
				GCC_PREPROCESSOR_DEFINITIONS = (
					"DEBUG=1",
					"$(inherited)",
				);
				GCC_WARN_64_TO_32_BIT_CONVERSION = YES;
				GCC_WARN_ABOUT_RETURN_TYPE = YES_ERROR;
				GCC_WARN_UNDECLARED_SELECTOR = YES;
				GCC_WARN_UNINITIALIZED_AUTOS = YES_AGGRESSIVE;
				GCC_WARN_UNUSED_FUNCTION = YES;
				GCC_WARN_UNUSED_VARIABLE = YES;
				IPHONEOS_DEPLOYMENT_TARGET = 16.4;
				MTL_ENABLE_DEBUG_INFO = INCLUDE_SOURCE;
				MTL_FAST_MATH = YES;
				ONLY_ACTIVE_ARCH = YES;
				SDKROOT = iphoneos;
				SWIFT_ACTIVE_COMPILATION_CONDITIONS = DEBUG;
				SWIFT_OPTIMIZATION_LEVEL = "-Onone";
			};
			name = Debug;
		};
		E978F19F2A6EC0D20065172A /* Release */ = {
			isa = XCBuildConfiguration;
			buildSettings = {
				ALWAYS_SEARCH_USER_PATHS = NO;
				CLANG_ANALYZER_NONNULL = YES;
				CLANG_ANALYZER_NUMBER_OBJECT_CONVERSION = YES_AGGRESSIVE;
				CLANG_CXX_LANGUAGE_STANDARD = "gnu++20";
				CLANG_ENABLE_MODULES = YES;
				CLANG_ENABLE_OBJC_ARC = YES;
				CLANG_ENABLE_OBJC_WEAK = YES;
				CLANG_WARN_BLOCK_CAPTURE_AUTORELEASING = YES;
				CLANG_WARN_BOOL_CONVERSION = YES;
				CLANG_WARN_COMMA = YES;
				CLANG_WARN_CONSTANT_CONVERSION = YES;
				CLANG_WARN_DEPRECATED_OBJC_IMPLEMENTATIONS = YES;
				CLANG_WARN_DIRECT_OBJC_ISA_USAGE = YES_ERROR;
				CLANG_WARN_DOCUMENTATION_COMMENTS = YES;
				CLANG_WARN_EMPTY_BODY = YES;
				CLANG_WARN_ENUM_CONVERSION = YES;
				CLANG_WARN_INFINITE_RECURSION = YES;
				CLANG_WARN_INT_CONVERSION = YES;
				CLANG_WARN_NON_LITERAL_NULL_CONVERSION = YES;
				CLANG_WARN_OBJC_IMPLICIT_RETAIN_SELF = YES;
				CLANG_WARN_OBJC_LITERAL_CONVERSION = YES;
				CLANG_WARN_OBJC_ROOT_CLASS = YES_ERROR;
				CLANG_WARN_QUOTED_INCLUDE_IN_FRAMEWORK_HEADER = YES;
				CLANG_WARN_RANGE_LOOP_ANALYSIS = YES;
				CLANG_WARN_STRICT_PROTOTYPES = YES;
				CLANG_WARN_SUSPICIOUS_MOVE = YES;
				CLANG_WARN_UNGUARDED_AVAILABILITY = YES_AGGRESSIVE;
				CLANG_WARN_UNREACHABLE_CODE = YES;
				CLANG_WARN__DUPLICATE_METHOD_MATCH = YES;
				COPY_PHASE_STRIP = NO;
				DEBUG_INFORMATION_FORMAT = "dwarf-with-dsym";
				ENABLE_NS_ASSERTIONS = NO;
				ENABLE_STRICT_OBJC_MSGSEND = YES;
				GCC_C_LANGUAGE_STANDARD = gnu11;
				GCC_NO_COMMON_BLOCKS = YES;
				GCC_WARN_64_TO_32_BIT_CONVERSION = YES;
				GCC_WARN_ABOUT_RETURN_TYPE = YES_ERROR;
				GCC_WARN_UNDECLARED_SELECTOR = YES;
				GCC_WARN_UNINITIALIZED_AUTOS = YES_AGGRESSIVE;
				GCC_WARN_UNUSED_FUNCTION = YES;
				GCC_WARN_UNUSED_VARIABLE = YES;
				IPHONEOS_DEPLOYMENT_TARGET = 16.4;
				MTL_ENABLE_DEBUG_INFO = NO;
				MTL_FAST_MATH = YES;
				SDKROOT = iphoneos;
				SWIFT_COMPILATION_MODE = wholemodule;
				SWIFT_OPTIMIZATION_LEVEL = "-O";
				VALIDATE_PRODUCT = YES;
			};
			name = Release;
		};
		E978F1A12A6EC0D20065172A /* Debug */ = {
			isa = XCBuildConfiguration;
			buildSettings = {
				ASSETCATALOG_COMPILER_APPICON_NAME = AppIcon;
				ASSETCATALOG_COMPILER_GLOBAL_ACCENT_COLOR_NAME = AccentColor;
				CODE_SIGN_STYLE = Automatic;
				CURRENT_PROJECT_VERSION = 1;
				DEVELOPMENT_ASSET_PATHS = "\"AdvancedMobileProgramming/Preview Content\"";
				DEVELOPMENT_TEAM = 29R48BN56K;
				ENABLE_PREVIEWS = YES;
				GENERATE_INFOPLIST_FILE = YES;
				INFOPLIST_FILE = AdvancedMobileProgramming/Info.plist;
				INFOPLIST_KEY_CFBundleDisplayName = AdvancedMobileProgramming;
				INFOPLIST_KEY_UIApplicationSceneManifest_Generation = YES;
				INFOPLIST_KEY_UIApplicationSupportsIndirectInputEvents = YES;
				INFOPLIST_KEY_UILaunchScreen_Generation = YES;
				INFOPLIST_KEY_UISupportedInterfaceOrientations_iPad = "UIInterfaceOrientationPortrait UIInterfaceOrientationPortraitUpsideDown UIInterfaceOrientationLandscapeLeft UIInterfaceOrientationLandscapeRight";
				INFOPLIST_KEY_UISupportedInterfaceOrientations_iPhone = "UIInterfaceOrientationPortrait UIInterfaceOrientationLandscapeLeft UIInterfaceOrientationLandscapeRight";
				LD_RUNPATH_SEARCH_PATHS = (
					"$(inherited)",
					"@executable_path/Frameworks",
				);
				MARKETING_VERSION = 1.0;
				PRODUCT_BUNDLE_IDENTIFIER = hr.algebra.AdvancedMobileProgramming;
				PRODUCT_NAME = "$(TARGET_NAME)";
				SWIFT_EMIT_LOC_STRINGS = YES;
				SWIFT_VERSION = 5.0;
				TARGETED_DEVICE_FAMILY = "1,2";
			};
			name = Debug;
		};
		E978F1A22A6EC0D20065172A /* Release */ = {
			isa = XCBuildConfiguration;
			buildSettings = {
				ASSETCATALOG_COMPILER_APPICON_NAME = AppIcon;
				ASSETCATALOG_COMPILER_GLOBAL_ACCENT_COLOR_NAME = AccentColor;
				CODE_SIGN_STYLE = Automatic;
				CURRENT_PROJECT_VERSION = 1;
				DEVELOPMENT_ASSET_PATHS = "\"AdvancedMobileProgramming/Preview Content\"";
				DEVELOPMENT_TEAM = 29R48BN56K;
				ENABLE_PREVIEWS = YES;
				GENERATE_INFOPLIST_FILE = YES;
				INFOPLIST_FILE = AdvancedMobileProgramming/Info.plist;
				INFOPLIST_KEY_CFBundleDisplayName = AdvancedMobileProgramming;
				INFOPLIST_KEY_UIApplicationSceneManifest_Generation = YES;
				INFOPLIST_KEY_UIApplicationSupportsIndirectInputEvents = YES;
				INFOPLIST_KEY_UILaunchScreen_Generation = YES;
				INFOPLIST_KEY_UISupportedInterfaceOrientations_iPad = "UIInterfaceOrientationPortrait UIInterfaceOrientationPortraitUpsideDown UIInterfaceOrientationLandscapeLeft UIInterfaceOrientationLandscapeRight";
				INFOPLIST_KEY_UISupportedInterfaceOrientations_iPhone = "UIInterfaceOrientationPortrait UIInterfaceOrientationLandscapeLeft UIInterfaceOrientationLandscapeRight";
				LD_RUNPATH_SEARCH_PATHS = (
					"$(inherited)",
					"@executable_path/Frameworks",
				);
				MARKETING_VERSION = 1.0;
				PRODUCT_BUNDLE_IDENTIFIER = hr.algebra.AdvancedMobileProgramming;
				PRODUCT_NAME = "$(TARGET_NAME)";
				SWIFT_EMIT_LOC_STRINGS = YES;
				SWIFT_VERSION = 5.0;
				TARGETED_DEVICE_FAMILY = "1,2";
			};
			name = Release;
		};
		E978F1A42A6EC0D20065172A /* Debug */ = {
			isa = XCBuildConfiguration;
			buildSettings = {
				ALWAYS_EMBED_SWIFT_STANDARD_LIBRARIES = YES;
				BUNDLE_LOADER = "$(TEST_HOST)";
				CODE_SIGN_STYLE = Automatic;
				CURRENT_PROJECT_VERSION = 1;
				DEVELOPMENT_TEAM = 29R48BN56K;
				GENERATE_INFOPLIST_FILE = YES;
				IPHONEOS_DEPLOYMENT_TARGET = 16.4;
				MARKETING_VERSION = 1.0;
				PRODUCT_BUNDLE_IDENTIFIER = hr.algebra.AdvancedMobileProgrammingTests;
				PRODUCT_NAME = "$(TARGET_NAME)";
				SWIFT_EMIT_LOC_STRINGS = NO;
				SWIFT_VERSION = 5.0;
				TARGETED_DEVICE_FAMILY = "1,2";
				TEST_HOST = "$(BUILT_PRODUCTS_DIR)/AdvancedMobileProgramming.app/$(BUNDLE_EXECUTABLE_FOLDER_PATH)/AdvancedMobileProgramming";
			};
			name = Debug;
		};
		E978F1A52A6EC0D20065172A /* Release */ = {
			isa = XCBuildConfiguration;
			buildSettings = {
				ALWAYS_EMBED_SWIFT_STANDARD_LIBRARIES = YES;
				BUNDLE_LOADER = "$(TEST_HOST)";
				CODE_SIGN_STYLE = Automatic;
				CURRENT_PROJECT_VERSION = 1;
				DEVELOPMENT_TEAM = 29R48BN56K;
				GENERATE_INFOPLIST_FILE = YES;
				IPHONEOS_DEPLOYMENT_TARGET = 16.4;
				MARKETING_VERSION = 1.0;
				PRODUCT_BUNDLE_IDENTIFIER = hr.algebra.AdvancedMobileProgrammingTests;
				PRODUCT_NAME = "$(TARGET_NAME)";
				SWIFT_EMIT_LOC_STRINGS = NO;
				SWIFT_VERSION = 5.0;
				TARGETED_DEVICE_FAMILY = "1,2";
				TEST_HOST = "$(BUILT_PRODUCTS_DIR)/AdvancedMobileProgramming.app/$(BUNDLE_EXECUTABLE_FOLDER_PATH)/AdvancedMobileProgramming";
			};
			name = Release;
		};
		E978F1A72A6EC0D20065172A /* Debug */ = {
			isa = XCBuildConfiguration;
			buildSettings = {
				ALWAYS_EMBED_SWIFT_STANDARD_LIBRARIES = YES;
				CODE_SIGN_STYLE = Automatic;
				CURRENT_PROJECT_VERSION = 1;
				DEVELOPMENT_TEAM = 29R48BN56K;
				GENERATE_INFOPLIST_FILE = YES;
				MARKETING_VERSION = 1.0;
				PRODUCT_BUNDLE_IDENTIFIER = hr.algebra.AdvancedMobileProgrammingUITests;
				PRODUCT_NAME = "$(TARGET_NAME)";
				SWIFT_EMIT_LOC_STRINGS = NO;
				SWIFT_VERSION = 5.0;
				TARGETED_DEVICE_FAMILY = "1,2";
				TEST_TARGET_NAME = AdvancedMobileProgramming;
			};
			name = Debug;
		};
		E978F1A82A6EC0D20065172A /* Release */ = {
			isa = XCBuildConfiguration;
			buildSettings = {
				ALWAYS_EMBED_SWIFT_STANDARD_LIBRARIES = YES;
				CODE_SIGN_STYLE = Automatic;
				CURRENT_PROJECT_VERSION = 1;
				DEVELOPMENT_TEAM = 29R48BN56K;
				GENERATE_INFOPLIST_FILE = YES;
				MARKETING_VERSION = 1.0;
				PRODUCT_BUNDLE_IDENTIFIER = hr.algebra.AdvancedMobileProgrammingUITests;
				PRODUCT_NAME = "$(TARGET_NAME)";
				SWIFT_EMIT_LOC_STRINGS = NO;
				SWIFT_VERSION = 5.0;
				TARGETED_DEVICE_FAMILY = "1,2";
				TEST_TARGET_NAME = AdvancedMobileProgramming;
			};
			name = Release;
		};
/* End XCBuildConfiguration section */

/* Begin XCConfigurationList section */
		E978F1772A6EC0CE0065172A /* Build configuration list for PBXProject "AdvancedMobileProgramming" */ = {
			isa = XCConfigurationList;
			buildConfigurations = (
				E978F19E2A6EC0D20065172A /* Debug */,
				E978F19F2A6EC0D20065172A /* Release */,
			);
			defaultConfigurationIsVisible = 0;
			defaultConfigurationName = Release;
		};
		E978F1A02A6EC0D20065172A /* Build configuration list for PBXNativeTarget "AdvancedMobileProgramming" */ = {
			isa = XCConfigurationList;
			buildConfigurations = (
				E978F1A12A6EC0D20065172A /* Debug */,
				E978F1A22A6EC0D20065172A /* Release */,
			);
			defaultConfigurationIsVisible = 0;
			defaultConfigurationName = Release;
		};
		E978F1A32A6EC0D20065172A /* Build configuration list for PBXNativeTarget "AdvancedMobileProgrammingTests" */ = {
			isa = XCConfigurationList;
			buildConfigurations = (
				E978F1A42A6EC0D20065172A /* Debug */,
				E978F1A52A6EC0D20065172A /* Release */,
			);
			defaultConfigurationIsVisible = 0;
			defaultConfigurationName = Release;
		};
		E978F1A62A6EC0D20065172A /* Build configuration list for PBXNativeTarget "AdvancedMobileProgrammingUITests" */ = {
			isa = XCConfigurationList;
			buildConfigurations = (
				E978F1A72A6EC0D20065172A /* Debug */,
				E978F1A82A6EC0D20065172A /* Release */,
			);
			defaultConfigurationIsVisible = 0;
			defaultConfigurationName = Release;
		};
/* End XCConfigurationList section */

/* Begin XCRemoteSwiftPackageReference section */
		E90B3EF52A77957700418AE0 /* XCRemoteSwiftPackageReference "Alamofire" */ = {
			isa = XCRemoteSwiftPackageReference;
			repositoryURL = "https://github.com/Alamofire/Alamofire.git";
			requirement = {
				kind = upToNextMajorVersion;
				minimumVersion = 5.0.0;
			};
		};
		E90B3EF92A7796ED00418AE0 /* XCRemoteSwiftPackageReference "realm-swift" */ = {
			isa = XCRemoteSwiftPackageReference;
			repositoryURL = "https://github.com/realm/realm-swift.git";
			requirement = {
				branch = master;
				kind = branch;
			};
		};
		E925A7372A725891007A7A42 /* XCRemoteSwiftPackageReference "firebase-ios-sdk" */ = {
			isa = XCRemoteSwiftPackageReference;
			repositoryURL = "https://github.com/firebase/firebase-ios-sdk";
			requirement = {
				kind = upToNextMajorVersion;
				minimumVersion = 10.0.0;
			};
		};
		E925A73C2A725957007A7A42 /* XCRemoteSwiftPackageReference "GoogleSignIn-iOS" */ = {
			isa = XCRemoteSwiftPackageReference;
			repositoryURL = "https://github.com/google/GoogleSignIn-iOS.git";
			requirement = {
				kind = upToNextMajorVersion;
				minimumVersion = 7.0.0;
			};
		};
		E925A7802A726126007A7A42 /* XCRemoteSwiftPackageReference "Lottie-SwiftUI" */ = {
			isa = XCRemoteSwiftPackageReference;
			repositoryURL = "https://github.com/LukasHromadnik/Lottie-SwiftUI.git";
			requirement = {
				kind = upToNextMajorVersion;
				minimumVersion = 1.0.0;
			};
		};
		E925A79A2A726315007A7A42 /* XCRemoteSwiftPackageReference "SDWebImageSwiftUI" */ = {
			isa = XCRemoteSwiftPackageReference;
			repositoryURL = "https://github.com/SDWebImage/SDWebImageSwiftUI.git";
			requirement = {
				kind = upToNextMajorVersion;
				minimumVersion = 2.0.0;
			};
		};
		E978F1AE2A6EC5570065172A /* XCRemoteSwiftPackageReference "SwiftLintPlugin" */ = {
			isa = XCRemoteSwiftPackageReference;
			repositoryURL = "https://github.com/lukepistrol/SwiftLintPlugin";
			requirement = {
				kind = upToNextMajorVersion;
				minimumVersion = 0.52.4;
			};
		};
/* End XCRemoteSwiftPackageReference section */

/* Begin XCSwiftPackageProductDependency section */
		E90B3EF62A77957700418AE0 /* Alamofire */ = {
			isa = XCSwiftPackageProductDependency;
			package = E90B3EF52A77957700418AE0 /* XCRemoteSwiftPackageReference "Alamofire" */;
			productName = Alamofire;
		};
		E90B3EFA2A7796ED00418AE0 /* Realm */ = {
			isa = XCSwiftPackageProductDependency;
			package = E90B3EF92A7796ED00418AE0 /* XCRemoteSwiftPackageReference "realm-swift" */;
			productName = Realm;
		};
		E90B3EFC2A7796ED00418AE0 /* RealmSwift */ = {
			isa = XCSwiftPackageProductDependency;
			package = E90B3EF92A7796ED00418AE0 /* XCRemoteSwiftPackageReference "realm-swift" */;
			productName = RealmSwift;
		};
		E925A7382A725891007A7A42 /* FirebaseAnalytics */ = {
			isa = XCSwiftPackageProductDependency;
			package = E925A7372A725891007A7A42 /* XCRemoteSwiftPackageReference "firebase-ios-sdk" */;
			productName = FirebaseAnalytics;
		};
		E925A73A2A725891007A7A42 /* FirebaseAuth */ = {
			isa = XCSwiftPackageProductDependency;
			package = E925A7372A725891007A7A42 /* XCRemoteSwiftPackageReference "firebase-ios-sdk" */;
			productName = FirebaseAuth;
		};
		E925A73D2A725957007A7A42 /* GoogleSignIn */ = {
			isa = XCSwiftPackageProductDependency;
			package = E925A73C2A725957007A7A42 /* XCRemoteSwiftPackageReference "GoogleSignIn-iOS" */;
			productName = GoogleSignIn;
		};
		E925A73F2A725957007A7A42 /* GoogleSignInSwift */ = {
			isa = XCSwiftPackageProductDependency;
			package = E925A73C2A725957007A7A42 /* XCRemoteSwiftPackageReference "GoogleSignIn-iOS" */;
			productName = GoogleSignInSwift;
		};
		E925A7812A726126007A7A42 /* LottieSwiftUI */ = {
			isa = XCSwiftPackageProductDependency;
			package = E925A7802A726126007A7A42 /* XCRemoteSwiftPackageReference "Lottie-SwiftUI" */;
			productName = LottieSwiftUI;
		};
		E925A79B2A726315007A7A42 /* SDWebImageSwiftUI */ = {
			isa = XCSwiftPackageProductDependency;
			package = E925A79A2A726315007A7A42 /* XCRemoteSwiftPackageReference "SDWebImageSwiftUI" */;
			productName = SDWebImageSwiftUI;
		};
		E978F1AF2A6EC5A90065172A /* SwiftLint */ = {
			isa = XCSwiftPackageProductDependency;
			package = E978F1AE2A6EC5570065172A /* XCRemoteSwiftPackageReference "SwiftLintPlugin" */;
			productName = "plugin:SwiftLint";
		};
/* End XCSwiftPackageProductDependency section */
	};
	rootObject = E978F1742A6EC0CE0065172A /* Project object */;
}
